
Microsoft Visual Studio Solution File, Format Version 12.00
# Visual Studio Version 16
VisualStudioVersion = 16.0.30523.141
MinimumVisualStudioVersion = 10.0.40219.1
Project("{FAE04EC0-301F-11D3-BF4B-00C04F79EFBC}") = "NUnitTestProject3", "NUnitTestProject3\NUnitTestProject3.csproj", "{A7157F41-886E-4395-AF7D-26C205B93015}"
EndProject
Global
	GlobalSection(SolutionConfigurationPlatforms) = preSolution
		Debug|Any CPU = Debug|Any CPU
		Release|Any CPU = Release|Any CPU
	EndGlobalSection
	GlobalSection(ProjectConfigurationPlatforms) = postSolution
		{A7157F41-886E-4395-AF7D-26C205B93015}.Debug|Any CPU.ActiveCfg = Debug|Any CPU
		{A7157F41-886E-4395-AF7D-26C205B93015}.Debug|Any CPU.Build.0 = Debug|Any CPU
		{A7157F41-886E-4395-AF7D-26C205B93015}.Release|Any CPU.ActiveCfg = Release|Any CPU
		{A7157F41-886E-4395-AF7D-26C205B93015}.Release|Any CPU.Build.0 = Release|Any CPU
	EndGlobalSection
	GlobalSection(SolutionProperties) = preSolution
		HideSolutionNode = FALSE
	EndGlobalSection
	GlobalSection(ExtensibilityGlobals) = postSolution
		SolutionGuid = {A0B1DEEB-2196-48C2-B3A1-7ABBF95C3E8E}
	EndGlobalSection
EndGlobal
